{
  "name": "@yton/utils",
  "version": "0.1.1",
  "lockfileVersion": 3,
  "requires": true,
  "packages": {
    "": {
      "name": "@yton/utils",
      "version": "0.1.1",
      "license": "ISC",
      "dependencies": {
        "fs-extra": "^11.2.0",
        "inquirer": "^12.0.0",
        "ora": "^8.1.0",
        "signale": "^1.4.0"
      }
    },
    "../../node_modules/.pnpm/fs-extra@11.2.0/node_modules/fs-extra": {
      "version": "11.2.0",
      "license": "MIT",
      "dependencies": {
        "graceful-fs": "^4.2.0",
        "jsonfile": "^6.0.1",
        "universalify": "^2.0.0"
      },
      "devDependencies": {
        "klaw": "^2.1.1",
        "klaw-sync": "^3.0.2",
        "minimist": "^1.1.1",
        "mocha": "^10.1.0",
        "nyc": "^15.0.0",
        "proxyquire": "^2.0.1",
        "read-dir-files": "^0.1.1",
        "standard": "^17.0.0"
      },
      "engines": {
        "node": ">=14.14"
      }
    },
    "../../node_modules/.pnpm/inquirer@12.0.0_@types+node@22.7.5/node_modules/inquirer": {
      "version": "12.0.0",
      "license": "MIT",
      "dependencies": {
        "@inquirer/core": "^10.0.0",
        "@inquirer/prompts": "^7.0.0",
        "@inquirer/type": "^3.0.0",
        "ansi-escapes": "^4.3.2",
        "mute-stream": "^2.0.0",
        "run-async": "^3.0.0",
        "rxjs": "^7.8.1"
      },
      "devDependencies": {
        "@arethetypeswrong/cli": "^0.16.4",
        "@repo/tsconfig": "workspace:*",
        "@types/mute-stream": "^0.0.4",
        "tshy": "^3.0.2"
      },
      "engines": {
        "node": ">=18"
      }
    },
    "../../node_modules/.pnpm/ora@8.1.0/node_modules/ora": {
      "version": "8.1.0",
      "license": "MIT",
      "dependencies": {
        "chalk": "^5.3.0",
        "cli-cursor": "^5.0.0",
        "cli-spinners": "^2.9.2",
        "is-interactive": "^2.0.0",
        "is-unicode-supported": "^2.0.0",
        "log-symbols": "^6.0.0",
        "stdin-discarder": "^0.2.2",
        "string-width": "^7.2.0",
        "strip-ansi": "^7.1.0"
      },
      "devDependencies": {
        "@types/node": "^22.5.0",
        "ava": "^5.3.1",
        "get-stream": "^9.0.1",
        "transform-tty": "^1.0.11",
        "tsd": "^0.31.1",
        "xo": "^0.59.3"
      },
      "engines": {
        "node": ">=18"
      },
      "funding": {
        "url": "https://github.com/sponsors/sindresorhus"
      }
    },
    "../../node_modules/.pnpm/signale@1.4.0/node_modules/signale": {
      "version": "1.4.0",
      "license": "MIT",
      "dependencies": {
        "chalk": "^2.3.2",
        "figures": "^2.0.0",
        "pkg-conf": "^2.1.0"
      },
      "devDependencies": {
        "xo": "*"
      },
      "engines": {
        "node": ">=6"
      }
    },
    "node_modules/fs-extra": {
      "resolved": "../../node_modules/.pnpm/fs-extra@11.2.0/node_modules/fs-extra",
      "link": true
    },
    "node_modules/inquirer": {
      "resolved": "../../node_modules/.pnpm/inquirer@12.0.0_@types+node@22.7.5/node_modules/inquirer",
      "link": true
    },
    "node_modules/ora": {
      "resolved": "../../node_modules/.pnpm/ora@8.1.0/node_modules/ora",
      "link": true
    },
    "node_modules/signale": {
      "resolved": "../../node_modules/.pnpm/signale@1.4.0/node_modules/signale",
      "link": true
    }
  }
}
